# This file is automatically @generated by Poetry 1.6.1 and should not be changed by hand.

[[package]]
name = "python-rtmidi"
version = "1.5.6"
description = "A Python binding for the RtMidi C++ library implemented using Cython."
optional = false
python-versions = ">=3.8"
files = [
    {file = "python_rtmidi-1.5.6-cp310-cp310-macosx_10_9_x86_64.whl", hash = "sha256:39042b963b63f5fd7dc02943f412d29aaef6770b0dec6d2de975e32ed200561e"},
    {file = "python_rtmidi-1.5.6-cp310-cp310-macosx_11_0_arm64.whl", hash = "sha256:81ea5f11e5ada292da6c90fd451c4c3105bee1334c7c6aa5fddb57162bbf605b"},
    {file = "python_rtmidi-1.5.6-cp310-cp310-manylinux_2_28_aarch64.whl", hash = "sha256:f1201cab39a05ecdaf039553bdefce90d2b0927d4d4378bcebcb141f3934fd2a"},
    {file = "python_rtmidi-1.5.6-cp310-cp310-manylinux_2_28_x86_64.whl", hash = "sha256:68883106c4eadde1f9861895ccd8d90868e2380cfa70486ae5e52719eaf5c26e"},
    {file = "python_rtmidi-1.5.6-cp310-cp310-win_amd64.whl", hash = "sha256:f3cada5737e9db1d0f9de0ddb8e288928b35e506d713cfc2b72614553e830bef"},
    {file = "python_rtmidi-1.5.6-cp311-cp311-macosx_10_9_x86_64.whl", hash = "sha256:12b2e0b3f7f3946a62d28866150a3f779ed462a39b447896e6b8096f6da520fd"},
    {file = "python_rtmidi-1.5.6-cp311-cp311-macosx_11_0_arm64.whl", hash = "sha256:bb41bf25014447f6235139d96866c89041588dc67249199c97a2037779543022"},
    {file = "python_rtmidi-1.5.6-cp311-cp311-manylinux_2_28_aarch64.whl", hash = "sha256:af04dc56c98a0cf362f4b8da54b7477a68a4efdd7d8c8e2bf4997737d332a91a"},
    {file = "python_rtmidi-1.5.6-cp311-cp311-manylinux_2_28_x86_64.whl", hash = "sha256:b35455350513e4a82a930df3583eea6ac10dab9dc69a47a2ff5be4d9d06cd952"},
    {file = "python_rtmidi-1.5.6-cp311-cp311-win_amd64.whl", hash = "sha256:ca000906a0a06e9281667aae20de7d697b50edfc4a899e7e0d945a058d087a65"},
    {file = "python_rtmidi-1.5.6-cp38-cp38-macosx_10_9_x86_64.whl", hash = "sha256:ce5d38597f687b6f70ddb7fb10c8b42481e802c1d48befe1fb9ad70850d9c126"},
    {file = "python_rtmidi-1.5.6-cp38-cp38-macosx_11_0_arm64.whl", hash = "sha256:4c89e8f867307e6d92962e57254fbd7d296a59adbcf3b23d7f22429c7eed073f"},
    {file = "python_rtmidi-1.5.6-cp38-cp38-manylinux_2_28_aarch64.whl", hash = "sha256:f522243a06cbd8fae20d7631eded32c67b0e727278a8a487b309062a0608e024"},
    {file = "python_rtmidi-1.5.6-cp38-cp38-manylinux_2_28_x86_64.whl", hash = "sha256:5e85537cdd8721724b024206d812c3289cbceef4b99dda5c030bbb29f30a3c0b"},
    {file = "python_rtmidi-1.5.6-cp38-cp38-win_amd64.whl", hash = "sha256:7d436d9f2bba11d1f82d951a2213d5f66cc5975e4e8c8ac5899fd402b1a73b34"},
    {file = "python_rtmidi-1.5.6-cp39-cp39-macosx_10_9_x86_64.whl", hash = "sha256:67936128df85ded6c71e6a2dd8dc4134eca424c96a24e6954c84d4fddc0526cf"},
    {file = "python_rtmidi-1.5.6-cp39-cp39-macosx_11_0_arm64.whl", hash = "sha256:c8a4ae8a75b3425136772acbd8153847211f98c1cd2eb73eb606df9eaab99a8c"},
    {file = "python_rtmidi-1.5.6-cp39-cp39-manylinux_2_28_aarch64.whl", hash = "sha256:d5fe85c21a596810a0bef28aeee394cf6ee9139265af7837ab1781d899f7a488"},
    {file = "python_rtmidi-1.5.6-cp39-cp39-manylinux_2_28_x86_64.whl", hash = "sha256:25e93bae54b164642788df8d064dd45051b2a81bcb49866388de01802f97ce9b"},
    {file = "python_rtmidi-1.5.6-cp39-cp39-win_amd64.whl", hash = "sha256:9390e434244eec925a5d2fc308e03ecea39117cae76ef513c74d40f78d448cc0"},
    {file = "python_rtmidi-1.5.6.tar.gz", hash = "sha256:b2a0a399bb4a5e1a56477798afd41d022a18b5e954f6d0ff92b45bb99bee3710"},
]

[metadata]
lock-version = "2.0"
python-versions = "^3.10"
content-hash = "c52dfb185fc2a54f9251bccec2b9d9050e31de828c20ab5de7da841323877b91"
